// !$*UTF8*$!
{
	archiveVersion = 1;
	classes = {
	};
	objectVersion = 50;
	objects = {

/* Begin PBXBuildFile section */
		2362AAD2237410060083987C /* AppDelegate.swift in Sources */ = {isa = PBXBuildFile; fileRef = 2362AAD1237410060083987C /* AppDelegate.swift */; };
		2362AAD4237410060083987C /* SceneDelegate.swift in Sources */ = {isa = PBXBuildFile; fileRef = 2362AAD3237410060083987C /* SceneDelegate.swift */; };
		2362AAD9237410060083987C /* Main.storyboard in Resources */ = {isa = PBXBuildFile; fileRef = 2362AAD7237410060083987C /* Main.storyboard */; };
		2362AADB237410090083987C /* Assets.xcassets in Resources */ = {isa = PBXBuildFile; fileRef = 2362AADA237410090083987C /* Assets.xcassets */; };
		2362AADE237410090083987C /* LaunchScreen.storyboard in Resources */ = {isa = PBXBuildFile; fileRef = 2362AADC237410090083987C /* LaunchScreen.storyboard */; };
		2362AAED2374102F0083987C /* ViewController.swift in Sources */ = {isa = PBXBuildFile; fileRef = 2362AAE62374102F0083987C /* ViewController.swift */; };
		2362AAEE2374102F0083987C /* WeatherViewModel.swift in Sources */ = {isa = PBXBuildFile; fileRef = 2362AAE82374102F0083987C /* WeatherViewModel.swift */; };
		2362AAEF2374102F0083987C /* WeatherService.swift in Sources */ = {isa = PBXBuildFile; fileRef = 2362AAEA2374102F0083987C /* WeatherService.swift */; };
		2362AAF02374102F0083987C /* Weather.swift in Sources */ = {isa = PBXBuildFile; fileRef = 2362AAEC2374102F0083987C /* Weather.swift */; };
/* End PBXBuildFile section */

/* Begin PBXFileReference section */
		2362AACE237410060083987C /* Weather.app */ = {isa = PBXFileReference; explicitFileType = wrapper.application; includeInIndex = 0; path = Weather.app; sourceTree = BUILT_PRODUCTS_DIR; };
		2362AAD1237410060083987C /* AppDelegate.swift */ = {isa = PBXFileReference; lastKnownFileType = sourcecode.swift; path = AppDelegate.swift; sourceTree = "<group>"; };
		2362AAD3237410060083987C /* SceneDelegate.swift */ = {isa = PBXFileReference; lastKnownFileType = sourcecode.swift; path = SceneDelegate.swift; sourceTree = "<group>"; };
		2362AAD8237410060083987C /* Base */ = {isa = PBXFileReference; lastKnownFileType = file.storyboard; name = Base; path = Base.lproj/Main.storyboard; sourceTree = "<group>"; };
		2362AADA237410090083987C /* Assets.xcassets */ = {isa = PBXFileReference; lastKnownFileType = folder.assetcatalog; path = Assets.xcassets; sourceTree = "<group>"; };
		2362AADD237410090083987C /* Base */ = {isa = PBXFileReference; lastKnownFileType = file.storyboard; name = Base; path = Base.lproj/LaunchScreen.storyboard; sourceTree = "<group>"; };
		2362AADF237410090083987C /* Info.plist */ = {isa = PBXFileReference; lastKnownFileType = text.plist.xml; path = Info.plist; sourceTree = "<group>"; };
		2362AAE62374102F0083987C /* ViewController.swift */ = {isa = PBXFileReference; fileEncoding = 4; lastKnownFileType = sourcecode.swift; path = ViewController.swift; sourceTree = "<group>"; };
		2362AAE82374102F0083987C /* WeatherViewModel.swift */ = {isa = PBXFileReference; fileEncoding = 4; lastKnownFileType = sourcecode.swift; path = WeatherViewModel.swift; sourceTree = "<group>"; };
		2362AAEA2374102F0083987C /* WeatherService.swift */ = {isa = PBXFileReference; fileEncoding = 4; lastKnownFileType = sourcecode.swift; path = WeatherService.swift; sourceTree = "<group>"; };
		2362AAEC2374102F0083987C /* Weather.swift */ = {isa = PBXFileReference; fileEncoding = 4; lastKnownFileType = sourcecode.swift; path = Weather.swift; sourceTree = "<group>"; };
/* End PBXFileReference section */

/* Begin PBXFrameworksBuildPhase section */
		2362AACB237410060083987C /* Frameworks */ = {
			isa = PBXFrameworksBuildPhase;
			buildActionMask = 2147483647;
			files = (
			);
			runOnlyForDeploymentPostprocessing = 0;
		};
/* End PBXFrameworksBuildPhase section */

/* Begin PBXGroup section */
		2362AAC5237410060083987C = {
			isa = PBXGroup;
			children = (
				2362AAD0237410060083987C /* Weather */,
				2362AACF237410060083987C /* Products */,
			);
			sourceTree = "<group>";
		};
		2362AACF237410060083987C /* Products */ = {
			isa = PBXGroup;
			children = (
				2362AACE237410060083987C /* Weather.app */,
			);
			name = Products;
			sourceTree = "<group>";
		};
		2362AAD0237410060083987C /* Weather */ = {
			isa = PBXGroup;
			children = (
				2362AAD1237410060083987C /* AppDelegate.swift */,
				2362AAD3237410060083987C /* SceneDelegate.swift */,
				2362AAE52374102F0083987C /* View */,
				2362AAE72374102F0083987C /* ViewModel */,
				2362AAEB2374102F0083987C /* Model */,
				2362AAE92374102F0083987C /* Service */,
				2362AAD7237410060083987C /* Main.storyboard */,
				2362AADA237410090083987C /* Assets.xcassets */,
				2362AADC237410090083987C /* LaunchScreen.storyboard */,
				2362AADF237410090083987C /* Info.plist */,
			);
			path = Weather;
			sourceTree = "<group>";
		};
		2362AAE52374102F0083987C /* View */ = {
			isa = PBXGroup;
			children = (
				2362AAE62374102F0083987C /* ViewController.swift */,
			);
			path = View;
			sourceTree = "<group>";
		};
		2362AAE72374102F0083987C /* ViewModel */ = {
			isa = PBXGroup;
			children = (
				2362AAE82374102F0083987C /* WeatherViewModel.swift */,
			);
			path = ViewModel;
			sourceTree = "<group>";
		};
		2362AAE92374102F0083987C /* Service */ = {
			isa = PBXGroup;
			children = (
				2362AAEA2374102F0083987C /* WeatherService.swift */,
			);
			path = Service;
			sourceTree = "<group>";
		};
		2362AAEB2374102F0083987C /* Model */ = {
			isa = PBXGroup;
			children = (
				2362AAEC2374102F0083987C /* Weather.swift */,
			);
			path = Model;
			sourceTree = "<group>";
		};
/* End PBXGroup section */

/* Begin PBXNativeTarget section */
		2362AACD237410060083987C /* Weather */ = {
			isa = PBXNativeTarget;
			buildConfigurationList = 2362AAE2237410090083987C /* Build configuration list for PBXNativeTarget "Weather" */;
			buildPhases = (
				2362AACA237410060083987C /* Sources */,
				2362AACB237410060083987C /* Frameworks */,
				2362AACC237410060083987C /* Resources */,
			);
			buildRules = (
			);
			dependencies = (
			);
			name = Weather;
			productName = Weather;
			productReference = 2362AACE237410060083987C /* Weather.app */;
			productType = "com.apple.product-type.application";
		};
/* End PBXNativeTarget section */

/* Begin PBXProject section */
		2362AAC6237410060083987C /* Project object */ = {
			isa = PBXProject;
			attributes = {
				LastSwiftUpdateCheck = 1100;
				LastUpgradeCheck = 1100;
				ORGANIZATIONNAME = bitMountn;
				TargetAttributes = {
					2362AACD237410060083987C = {
						CreatedOnToolsVersion = 11.0;
					};
				};
			};
			buildConfigurationList = 2362AAC9237410060083987C /* Build configuration list for PBXProject "Weather" */;
			compatibilityVersion = "Xcode 9.3";
			developmentRegion = en;
			hasScannedForEncodings = 0;
			knownRegions = (
				en,
				Base,
			);
			mainGroup = 2362AAC5237410060083987C;
			productRefGroup = 2362AACF237410060083987C /* Products */;
			projectDirPath = "";
			projectRoot = "";
			targets = (
				2362AACD237410060083987C /* Weather */,
			);
		};
/* End PBXProject section */

/* Begin PBXResourcesBuildPhase section */
		2362AACC237410060083987C /* Resources */ = {
			isa = PBXResourcesBuildPhase;
			buildActionMask = 2147483647;
			files = (
				2362AADE237410090083987C /* LaunchScreen.storyboard in Resources */,
				2362AADB237410090083987C /* Assets.xcassets in Resources */,
				2362AAD9237410060083987C /* Main.storyboard in Resources */,
			);
			runOnlyForDeploymentPostprocessing = 0;
		};
/* End PBXResourcesBuildPhase section */

/* Begin PBXSourcesBuildPhase section */
		2362AACA237410060083987C /* Sources */ = {
			isa = PBXSourcesBuildPhase;
			buildActionMask = 2147483647;
			files = (
				2362AAF02374102F0083987C /* Weather.swift in Sources */,
				2362AAEE2374102F0083987C /* WeatherViewModel.swift in Sources */,
				2362AAEF2374102F0083987C /* WeatherService.swift in Sources */,
				2362AAD2237410060083987C /* AppDelegate.swift in Sources */,
				2362AAED2374102F0083987C /* ViewController.swift in Sources */,
				2362AAD4237410060083987C /* SceneDelegate.swift in Sources */,
			);
			runOnlyForDeploymentPostprocessing = 0;
		};
/* End PBXSourcesBuildPhase section */

/* Begin PBXVariantGroup section */
		2362AAD7237410060083987C /* Main.storyboard */ = {
			isa = PBXVariantGroup;
			children = (
				2362AAD8237410060083987C /* Base */,
			);
			name = Main.storyboard;
			sourceTree = "<group>";
		};
		2362AADC237410090083987C /* LaunchScreen.storyboard */ = {
			isa = PBXVariantGroup;
			children = (
				2362AADD237410090083987C /* Base */,
			);
			name = LaunchScreen.storyboard;
			sourceTree = "<group>";
		};
/* End PBXVariantGroup section */

/* Begin XCBuildConfiguration section */
		2362AAE0237410090083987C /* Debug */ = {
			isa = XCBuildConfiguration;
			buildSettings = {
				ALWAYS_SEARCH_USER_PATHS = NO;
				CLANG_ANALYZER_NONNULL = YES;
				CLANG_ANALYZER_NUMBER_OBJECT_CONVERSION = YES_AGGRESSIVE;
				CLANG_CXX_LANGUAGE_STANDARD = "gnu++14";
				CLANG_CXX_LIBRARY = "libc++";
				CLANG_ENABLE_MODULES = YES;
				CLANG_ENABLE_OBJC_ARC = YES;
				CLANG_ENABLE_OBJC_WEAK = YES;
				CLANG_WARN_BLOCK_CAPTURE_AUTORELEASING = YES;
				CLANG_WARN_BOOL_CONVERSION = YES;
				CLANG_WARN_COMMA = YES;
				CLANG_WARN_CONSTANT_CONVERSION = YES;
				CLANG_WARN_DEPRECATED_OBJC_IMPLEMENTATIONS = YES;
				CLANG_WARN_DIRECT_OBJC_ISA_USAGE = YES_ERROR;
				CLANG_WARN_DOCUMENTATION_COMMENTS = YES;
				CLANG_WARN_EMPTY_BODY = YES;
				CLANG_WARN_ENUM_CONVERSION = YES;
				CLANG_WARN_INFINITE_RECURSION = YES;
				CLANG_WARN_INT_CONVERSION = YES;
				CLANG_WARN_NON_LITERAL_NULL_CONVERSION = YES;
				CLANG_WARN_OBJC_IMPLICIT_RETAIN_SELF = YES;
				CLANG_WARN_OBJC_LITERAL_CONVERSION = YES;
				CLANG_WARN_OBJC_ROOT_CLASS = YES_ERROR;
				CLANG_WARN_RANGE_LOOP_ANALYSIS = YES;
				CLANG_WARN_STRICT_PROTOTYPES = YES;
				CLANG_WARN_SUSPICIOUS_MOVE = YES;
				CLANG_WARN_UNGUARDED_AVAILABILITY = YES_AGGRESSIVE;
				CLANG_WARN_UNREACHABLE_CODE = YES;
				CLANG_WARN__DUPLICATE_METHOD_MATCH = YES;
				COPY_PHASE_STRIP = NO;
				DEBUG_INFORMATION_FORMAT = dwarf;
				ENABLE_STRICT_OBJC_MSGSEND = YES;
				ENABLE_TESTABILITY = YES;
				GCC_C_LANGUAGE_STANDARD = gnu11;
				GCC_DYNAMIC_NO_PIC = NO;
				GCC_NO_COMMON_BLOCKS = YES;
				GCC_OPTIMIZATION_LEVEL = 0;
				GCC_PREPROCESSOR_DEFINITIONS = (
					"DEBUG=1",
					"$(inherited)",
				);
				GCC_WARN_64_TO_32_BIT_CONVERSION = YES;
				GCC_WARN_ABOUT_RETURN_TYPE = YES_ERROR;
				GCC_WARN_UNDECLARED_SELECTOR = YES;
				GCC_WARN_UNINITIALIZED_AUTOS = YES_AGGRESSIVE;
				GCC_WARN_UNUSED_FUNCTION = YES;
				GCC_WARN_UNUSED_VARIABLE = YES;
				IPHONEOS_DEPLOYMENT_TARGET = 13.0;
				MTL_ENABLE_DEBUG_INFO = INCLUDE_SOURCE;
				MTL_FAST_MATH = YES;
				ONLY_ACTIVE_ARCH = YES;
				SDKROOT = iphoneos;
				SWIFT_ACTIVE_COMPILATION_CONDITIONS = DEBUG;
				SWIFT_OPTIMIZATION_LEVEL = "-Onone";
			};
			name = Debug;
		};
		2362AAE1237410090083987C /* Release */ = {
			isa = XCBuildConfiguration;
			buildSettings = {
				ALWAYS_SEARCH_USER_PATHS = NO;
				CLANG_ANALYZER_NONNULL = YES;
				CLANG_ANALYZER_NUMBER_OBJECT_CONVERSION = YES_AGGRESSIVE;
				CLANG_CXX_LANGUAGE_STANDARD = "gnu++14";
				CLANG_CXX_LIBRARY = "libc++";
				CLANG_ENABLE_MODULES = YES;
				CLANG_ENABLE_OBJC_ARC = YES;
				CLANG_ENABLE_OBJC_WEAK = YES;
				CLANG_WARN_BLOCK_CAPTURE_AUTORELEASING = YES;
				CLANG_WARN_BOOL_CONVERSION = YES;
				CLANG_WARN_COMMA = YES;
				CLANG_WARN_CONSTANT_CONVERSION = YES;
				CLANG_WARN_DEPRECATED_OBJC_IMPLEMENTATIONS = YES;
				CLANG_WARN_DIRECT_OBJC_ISA_USAGE = YES_ERROR;
				CLANG_WARN_DOCUMENTATION_COMMENTS = YES;
				CLANG_WARN_EMPTY_BODY = YES;
				CLANG_WARN_ENUM_CONVERSION = YES;
				CLANG_WARN_INFINITE_RECURSION = YES;
				CLANG_WARN_INT_CONVERSION = YES;
				CLANG_WARN_NON_LITERAL_NULL_CONVERSION = YES;
				CLANG_WARN_OBJC_IMPLICIT_RETAIN_SELF = YES;
				CLANG_WARN_OBJC_LITERAL_CONVERSION = YES;
				CLANG_WARN_OBJC_ROOT_CLASS = YES_ERROR;
				CLANG_WARN_RANGE_LOOP_ANALYSIS = YES;
				CLANG_WARN_STRICT_PROTOTYPES = YES;
				CLANG_WARN_SUSPICIOUS_MOVE = YES;
				CLANG_WARN_UNGUARDED_AVAILABILITY = YES_AGGRESSIVE;
				CLANG_WARN_UNREACHABLE_CODE = YES;
				CLANG_WARN__DUPLICATE_METHOD_MATCH = YES;
				COPY_PHASE_STRIP = NO;
				DEBUG_INFORMATION_FORMAT = "dwarf-with-dsym";
				ENABLE_NS_ASSERTIONS = NO;
				ENABLE_STRICT_OBJC_MSGSEND = YES;
				GCC_C_LANGUAGE_STANDARD = gnu11;
				GCC_NO_COMMON_BLOCKS = YES;
				GCC_WARN_64_TO_32_BIT_CONVERSION = YES;
				GCC_WARN_ABOUT_RETURN_TYPE = YES_ERROR;
				GCC_WARN_UNDECLARED_SELECTOR = YES;
				GCC_WARN_UNINITIALIZED_AUTOS = YES_AGGRESSIVE;
				GCC_WARN_UNUSED_FUNCTION = YES;
				GCC_WARN_UNUSED_VARIABLE = YES;
				IPHONEOS_DEPLOYMENT_TARGET = 13.0;
				MTL_ENABLE_DEBUG_INFO = NO;
				MTL_FAST_MATH = YES;
				SDKROOT = iphoneos;
				SWIFT_COMPILATION_MODE = wholemodule;
				SWIFT_OPTIMIZATION_LEVEL = "-O";
				VALIDATE_PRODUCT = YES;
			};
			name = Release;
		};
		2362AAE3237410090083987C /* Debug */ = {
			isa = XCBuildConfiguration;
			buildSettings = {
				ASSETCATALOG_COMPILER_APPICON_NAME = AppIcon;
				CODE_SIGN_STYLE = Automatic;
				INFOPLIST_FILE = Weather/Info.plist;
				LD_RUNPATH_SEARCH_PATHS = (
					"$(inherited)",
					"@executable_path/Frameworks",
				);
				PRODUCT_BUNDLE_IDENTIFIER = com.bitmountn.Weather;
				PRODUCT_NAME = "$(TARGET_NAME)";
				SWIFT_VERSION = 5.0;
				TARGETED_DEVICE_FAMILY = "1,2";
			};
			name = Debug;
		};
		2362AAE4237410090083987C /* Release */ = {
			isa = XCBuildConfiguration;
			buildSettings = {
				ASSETCATALOG_COMPILER_APPICON_NAME = AppIcon;
				CODE_SIGN_STYLE = Automatic;
				INFOPLIST_FILE = Weather/Info.plist;
				LD_RUNPATH_SEARCH_PATHS = (
					"$(inherited)",
					"@executable_path/Frameworks",
				);
				PRODUCT_BUNDLE_IDENTIFIER = com.bitmountn.Weather;
				PRODUCT_NAME = "$(TARGET_NAME)";
				SWIFT_VERSION = 5.0;
				TARGETED_DEVICE_FAMILY = "1,2";
			};
			name = Release;
		};
/* End XCBuildConfiguration section */

/* Begin XCConfigurationList section */
		2362AAC9237410060083987C /* Build configuration list for PBXProject "Weather" */ = {
			isa = XCConfigurationList;
			buildConfigurations = (
				2362AAE0237410090083987C /* Debug */,
				2362AAE1237410090083987C /* Release */,
			);
			defaultConfigurationIsVisible = 0;
			defaultConfigurationName = Release;
		};
		2362AAE2237410090083987C /* Build configuration list for PBXNativeTarget "Weather" */ = {
			isa = XCConfigurationList;
			buildConfigurations = (
				2362AAE3237410090083987C /* Debug */,
				2362AAE4237410090083987C /* Release */,
			);
			defaultConfigurationIsVisible = 0;
			defaultConfigurationName = Release;
		};
/* End XCConfigurationList section */
	};
	rootObject = 2362AAC6237410060083987C /* Project object */;
}
